
Microsoft Visual Studio Solution File, Format Version 12.00
# Visual Studio 15
VisualStudioVersion = 15.0.27703.2047
MinimumVisualStudioVersion = 10.0.40219.1
Project("{FAE04EC0-301F-11D3-BF4B-00C04F79EFBC}") = "Kimbap", "Kimbap\Kimbap.csproj", "{23E98928-C730-432B-95BD-7B243FB7873F}"
EndProject
Global
	GlobalSection(SolutionConfigurationPlatforms) = preSolution
		Debug|Any CPU = Debug|Any CPU
		Release|Any CPU = Release|Any CPU
	EndGlobalSection
	GlobalSection(ProjectConfigurationPlatforms) = postSolution
		{23E98928-C730-432B-95BD-7B243FB7873F}.Debug|Any CPU.ActiveCfg = Debug|Any CPU
		{23E98928-C730-432B-95BD-7B243FB7873F}.Debug|Any CPU.Build.0 = Debug|Any CPU
		{23E98928-C730-432B-95BD-7B243FB7873F}.Release|Any CPU.ActiveCfg = Release|Any CPU
		{23E98928-C730-432B-95BD-7B243FB7873F}.Release|Any CPU.Build.0 = Release|Any CPU
	EndGlobalSection
	GlobalSection(SolutionProperties) = preSolution
		HideSolutionNode = FALSE
	EndGlobalSection
	GlobalSection(ExtensibilityGlobals) = postSolution
		SolutionGuid = {D240CEA0-E578-46D6-BADE-2303D09B19A4}
	EndGlobalSection
EndGlobal
